
Microsoft Visual Studio Solution File, Format Version 12.00
# Visual Studio Version 17
VisualStudioVersion = 17.0.31903.59
MinimumVisualStudioVersion = 10.0.40219.1
Project("{2150E333-8FDC-42A3-9474-1A3956D46DE8}") = "API", "API", "{FE39BB1C-2727-4D50-855E-CE55286051D2}"
EndProject
Project("{FAE04EC0-301F-11D3-BF4B-00C04F79EFBC}") = "Presentation", "API\Presentation\Presentation.csproj", "{85D4AA83-2DDF-4E83-890F-3C5B3999CACE}"
EndProject
Project("{2150E333-8FDC-42A3-9474-1A3956D46DE8}") = "Logic", "Logic", "{59F07D0F-0B10-4E2A-848B-0D63A1CA4D55}"
EndProject
Project("{FAE04EC0-301F-11D3-BF4B-00C04F79EFBC}") = "Logic", "API\Logic\Logic\Logic.csproj", "{3E52154B-2FD5-42CF-97CF-BE850BF0D935}"
EndProject
Project("{2150E333-8FDC-42A3-9474-1A3956D46DE8}") = "Data", "Data", "{89D6F5B1-BEC1-492D-9073-EBC74C40B34F}"
EndProject
Project("{FAE04EC0-301F-11D3-BF4B-00C04F79EFBC}") = "Data", "API\Data\Data\Data.csproj", "{DD01208B-E3FB-4F6B-B452-F74BEEA3616D}"
EndProject
Project("{2150E333-8FDC-42A3-9474-1A3956D46DE8}") = "Tests", "Tests", "{8A2E16D2-C678-4773-8A53-863F8115650D}"
EndProject
Project("{FAE04EC0-301F-11D3-BF4B-00C04F79EFBC}") = "Tests", "API\Tests\Tests\Tests.csproj", "{FE03BEB6-C9C6-43D0-8885-55B4C2E059D4}"
EndProject
Project("{2150E333-8FDC-42A3-9474-1A3956D46DE8}") = "Configuration", "Configuration", "{950D5B1B-EB37-4F52-982B-6C2C84E25271}"
EndProject
Project("{FAE04EC0-301F-11D3-BF4B-00C04F79EFBC}") = "Configuration", "API\Configuration\Configuration\Configuration.csproj", "{314BF0EF-21E4-4E7C-8DE1-A4D2A386575C}"
EndProject
Global
	GlobalSection(SolutionConfigurationPlatforms) = preSolution
		Debug|Any CPU = Debug|Any CPU
		Release|Any CPU = Release|Any CPU
	EndGlobalSection
	GlobalSection(SolutionProperties) = preSolution
		HideSolutionNode = FALSE
	EndGlobalSection
	GlobalSection(ProjectConfigurationPlatforms) = postSolution
		{85D4AA83-2DDF-4E83-890F-3C5B3999CACE}.Debug|Any CPU.ActiveCfg = Debug|Any CPU
		{85D4AA83-2DDF-4E83-890F-3C5B3999CACE}.Debug|Any CPU.Build.0 = Debug|Any CPU
		{85D4AA83-2DDF-4E83-890F-3C5B3999CACE}.Release|Any CPU.ActiveCfg = Release|Any CPU
		{85D4AA83-2DDF-4E83-890F-3C5B3999CACE}.Release|Any CPU.Build.0 = Release|Any CPU
		{3E52154B-2FD5-42CF-97CF-BE850BF0D935}.Debug|Any CPU.ActiveCfg = Debug|Any CPU
		{3E52154B-2FD5-42CF-97CF-BE850BF0D935}.Debug|Any CPU.Build.0 = Debug|Any CPU
		{3E52154B-2FD5-42CF-97CF-BE850BF0D935}.Release|Any CPU.ActiveCfg = Release|Any CPU
		{3E52154B-2FD5-42CF-97CF-BE850BF0D935}.Release|Any CPU.Build.0 = Release|Any CPU
		{DD01208B-E3FB-4F6B-B452-F74BEEA3616D}.Debug|Any CPU.ActiveCfg = Debug|Any CPU
		{DD01208B-E3FB-4F6B-B452-F74BEEA3616D}.Debug|Any CPU.Build.0 = Debug|Any CPU
		{DD01208B-E3FB-4F6B-B452-F74BEEA3616D}.Release|Any CPU.ActiveCfg = Release|Any CPU
		{DD01208B-E3FB-4F6B-B452-F74BEEA3616D}.Release|Any CPU.Build.0 = Release|Any CPU
		{FE03BEB6-C9C6-43D0-8885-55B4C2E059D4}.Debug|Any CPU.ActiveCfg = Debug|Any CPU
		{FE03BEB6-C9C6-43D0-8885-55B4C2E059D4}.Debug|Any CPU.Build.0 = Debug|Any CPU
		{FE03BEB6-C9C6-43D0-8885-55B4C2E059D4}.Release|Any CPU.ActiveCfg = Release|Any CPU
		{FE03BEB6-C9C6-43D0-8885-55B4C2E059D4}.Release|Any CPU.Build.0 = Release|Any CPU
		{314BF0EF-21E4-4E7C-8DE1-A4D2A386575C}.Debug|Any CPU.ActiveCfg = Debug|Any CPU
		{314BF0EF-21E4-4E7C-8DE1-A4D2A386575C}.Debug|Any CPU.Build.0 = Debug|Any CPU
		{314BF0EF-21E4-4E7C-8DE1-A4D2A386575C}.Release|Any CPU.ActiveCfg = Release|Any CPU
		{314BF0EF-21E4-4E7C-8DE1-A4D2A386575C}.Release|Any CPU.Build.0 = Release|Any CPU
	EndGlobalSection
	GlobalSection(NestedProjects) = preSolution
		{85D4AA83-2DDF-4E83-890F-3C5B3999CACE} = {FE39BB1C-2727-4D50-855E-CE55286051D2}
		{59F07D0F-0B10-4E2A-848B-0D63A1CA4D55} = {FE39BB1C-2727-4D50-855E-CE55286051D2}
		{3E52154B-2FD5-42CF-97CF-BE850BF0D935} = {59F07D0F-0B10-4E2A-848B-0D63A1CA4D55}
		{89D6F5B1-BEC1-492D-9073-EBC74C40B34F} = {FE39BB1C-2727-4D50-855E-CE55286051D2}
		{DD01208B-E3FB-4F6B-B452-F74BEEA3616D} = {89D6F5B1-BEC1-492D-9073-EBC74C40B34F}
		{8A2E16D2-C678-4773-8A53-863F8115650D} = {FE39BB1C-2727-4D50-855E-CE55286051D2}
		{FE03BEB6-C9C6-43D0-8885-55B4C2E059D4} = {8A2E16D2-C678-4773-8A53-863F8115650D}
		{950D5B1B-EB37-4F52-982B-6C2C84E25271} = {FE39BB1C-2727-4D50-855E-CE55286051D2}
		{314BF0EF-21E4-4E7C-8DE1-A4D2A386575C} = {950D5B1B-EB37-4F52-982B-6C2C84E25271}
	EndGlobalSection
EndGlobal
